{
  "name": "Angular",
  "lockfileVersion": 2,
  "requires": true,
  "packages": {
    "": {
      "dependencies": {
        "@angular/animations": "^6.1.7",
        "@angular/cdk": "^6.4.7",
        "@angular/material": "^6.4.7",
        "hammerjs": "^2.0.8"
      }
    },
    "node_modules/@angular/animations": {
      "version": "6.1.7",
      "resolved": "https://registry.npmjs.org/@angular/animations/-/animations-6.1.7.tgz",
      "integrity": "sha512-bjX3VEVEh5scGDDmxEKPzYI8DWUbqOFA34aYDY2cHPnDkLM0I7pEtO44qb72FSbWwXn77sYlby/dx2gtRayOOA==",
      "dependencies": {
        "tslib": "^1.9.0"
      },
      "peerDependencies": {
        "@angular/core": "6.1.7"
      }
    },
    "node_modules/@angular/cdk": {
      "version": "6.4.7",
      "resolved": "https://registry.npmjs.org/@angular/cdk/-/cdk-6.4.7.tgz",
      "integrity": "sha512-18x0U66fLD5kGQWZ9n3nb75xQouXlWs7kUDaTd8HTrHpT1s2QIAqlLd1KxfrYiVhsEC2jPQaoiae7VnBlcvkBg==",
      "dependencies": {
        "tslib": "^1.7.1"
      },
      "peerDependencies": {
        "@angular/common": ">=6.0.0-beta.0 <7.0.0",
        "@angular/core": ">=6.0.0-beta.0 <7.0.0"
      }
    },
    "node_modules/@angular/common": {
      "version": "6.1.10",
      "resolved": "https://registry.npmjs.org/@angular/common/-/common-6.1.10.tgz",
      "integrity": "sha512-73xxTSYJNKfiJ7C1Ajg+sz5l8y+blb/vNgHYg7O3yem5zLBnfPpidJ1UGg4W4d2Y+jwUVJbZKh8SKJarqAJVUQ==",
      "peer": true,
      "dependencies": {
        "tslib": "^1.9.0"
      },
      "peerDependencies": {
        "@angular/core": "6.1.10",
        "rxjs": "^6.0.0"
      }
    },
    "node_modules/@angular/core": {
      "version": "6.1.10",
      "resolved": "https://registry.npmjs.org/@angular/core/-/core-6.1.10.tgz",
      "integrity": "sha512-61l3rIQTVdT45eOf6/fBJIeVmV10mcrxqS4N/1OWkuDT29YSJTZSxGcv8QjAyyutuhcqWWpO6gVRkN07rWmkPg==",
      "peer": true,
      "dependencies": {
        "tslib": "^1.9.0"
      },
      "peerDependencies": {
        "rxjs": "^6.0.0",
        "zone.js": "~0.8.26"
      }
    },
    "node_modules/@angular/material": {
      "version": "6.4.7",
      "resolved": "https://registry.npmjs.org/@angular/material/-/material-6.4.7.tgz",
      "integrity": "sha512-SdNx7Xovi24Kw9eU6lkLhY/7f2M7L9F+/uh6XuPr4jbGgCUVVpeeVI5ztZhsZRbj1sN+/r1p5w8u62apWWl5Ww==",
      "dependencies": {
        "tslib": "^1.7.1"
      },
      "optionalDependencies": {
        "parse5": "^5.0.0"
      },
      "peerDependencies": {
        "@angular/cdk": "6.4.7",
        "@angular/common": ">=6.0.0-beta.0 <7.0.0",
        "@angular/core": ">=6.0.0-beta.0 <7.0.0"
      }
    },
    "node_modules/hammerjs": {
      "version": "2.0.8",
      "resolved": "https://registry.npmjs.org/hammerjs/-/hammerjs-2.0.8.tgz",
      "integrity": "sha1-BO93hiz/K7edMPdpIJWTAiK/YPE=",
      "engines": {
        "node": ">=0.8.0"
      }
    },
    "node_modules/parse5": {
      "version": "5.1.1",
      "resolved": "https://registry.npmjs.org/parse5/-/parse5-5.1.1.tgz",
      "integrity": "sha512-ugq4DFI0Ptb+WWjAdOK16+u/nHfiIrcE+sh8kZMaM0WllQKLI9rOUq6c2b7cwPkXdzfQESqvoqK6ug7U/Yyzug==",
      "optional": true
    },
    "node_modules/rxjs": {
      "version": "6.6.3",
      "resolved": "https://registry.npmjs.org/rxjs/-/rxjs-6.6.3.tgz",
      "integrity": "sha512-trsQc+xYYXZ3urjOiJOuCOa5N3jAZ3eiSpQB5hIT8zGlL2QfnHLJ2r7GMkBGuIausdJN1OneaI6gQlsqNHHmZQ==",
      "peer": true,
      "dependencies": {
        "tslib": "^1.9.0"
      },
      "engines": {
        "npm": ">=2.0.0"
      }
    },
    "node_modules/tslib": {
      "version": "1.14.1",
      "resolved": "https://registry.npmjs.org/tslib/-/tslib-1.14.1.tgz",
      "integrity": "sha512-Xni35NKzjgMrwevysHTCArtLDpPvye8zV/0E4EyYn43P7/7qvQwPh9BGkHewbMulVntbigmcT7rdX3BNo9wRJg=="
    },
    "node_modules/zone.js": {
      "version": "0.8.29",
      "resolved": "https://registry.npmjs.org/zone.js/-/zone.js-0.8.29.tgz",
      "integrity": "sha512-mla2acNCMkWXBD+c+yeUrBUrzOxYMNFdQ6FGfigGGtEVBPJx07BQeJekjt9DmH1FtZek4E9rE1eRR9qQpxACOQ==",
      "peer": true
    }
  },
  "dependencies": {
    "@angular/animations": {
      "version": "6.1.7",
      "resolved": "https://registry.npmjs.org/@angular/animations/-/animations-6.1.7.tgz",
      "integrity": "sha512-bjX3VEVEh5scGDDmxEKPzYI8DWUbqOFA34aYDY2cHPnDkLM0I7pEtO44qb72FSbWwXn77sYlby/dx2gtRayOOA==",
      "requires": {
        "tslib": "^1.9.0"
      }
    },
    "@angular/cdk": {
      "version": "6.4.7",
      "resolved": "https://registry.npmjs.org/@angular/cdk/-/cdk-6.4.7.tgz",
      "integrity": "sha512-18x0U66fLD5kGQWZ9n3nb75xQouXlWs7kUDaTd8HTrHpT1s2QIAqlLd1KxfrYiVhsEC2jPQaoiae7VnBlcvkBg==",
      "requires": {
        "tslib": "^1.7.1"
      }
    },
    "@angular/common": {
      "version": "6.1.10",
      "resolved": "https://registry.npmjs.org/@angular/common/-/common-6.1.10.tgz",
      "integrity": "sha512-73xxTSYJNKfiJ7C1Ajg+sz5l8y+blb/vNgHYg7O3yem5zLBnfPpidJ1UGg4W4d2Y+jwUVJbZKh8SKJarqAJVUQ==",
      "peer": true,
      "requires": {
        "tslib": "^1.9.0"
      }
    },
    "@angular/core": {
      "version": "6.1.10",
      "resolved": "https://registry.npmjs.org/@angular/core/-/core-6.1.10.tgz",
      "integrity": "sha512-61l3rIQTVdT45eOf6/fBJIeVmV10mcrxqS4N/1OWkuDT29YSJTZSxGcv8QjAyyutuhcqWWpO6gVRkN07rWmkPg==",
      "peer": true,
      "requires": {
        "tslib": "^1.9.0"
      }
    },
    "@angular/material": {
      "version": "6.4.7",
      "resolved": "https://registry.npmjs.org/@angular/material/-/material-6.4.7.tgz",
      "integrity": "sha512-SdNx7Xovi24Kw9eU6lkLhY/7f2M7L9F+/uh6XuPr4jbGgCUVVpeeVI5ztZhsZRbj1sN+/r1p5w8u62apWWl5Ww==",
      "requires": {
        "parse5": "^5.0.0",
        "tslib": "^1.7.1"
      }
    },
    "hammerjs": {
      "version": "2.0.8",
      "resolved": "https://registry.npmjs.org/hammerjs/-/hammerjs-2.0.8.tgz",
      "integrity": "sha1-BO93hiz/K7edMPdpIJWTAiK/YPE="
    },
    "parse5": {
      "version": "5.1.1",
      "resolved": "https://registry.npmjs.org/parse5/-/parse5-5.1.1.tgz",
      "integrity": "sha512-ugq4DFI0Ptb+WWjAdOK16+u/nHfiIrcE+sh8kZMaM0WllQKLI9rOUq6c2b7cwPkXdzfQESqvoqK6ug7U/Yyzug==",
      "optional": true
    },
    "rxjs": {
      "version": "6.6.3",
      "resolved": "https://registry.npmjs.org/rxjs/-/rxjs-6.6.3.tgz",
      "integrity": "sha512-trsQc+xYYXZ3urjOiJOuCOa5N3jAZ3eiSpQB5hIT8zGlL2QfnHLJ2r7GMkBGuIausdJN1OneaI6gQlsqNHHmZQ==",
      "peer": true,
      "requires": {
        "tslib": "^1.9.0"
      }
    },
    "tslib": {
      "version": "1.14.1",
      "resolved": "https://registry.npmjs.org/tslib/-/tslib-1.14.1.tgz",
      "integrity": "sha512-Xni35NKzjgMrwevysHTCArtLDpPvye8zV/0E4EyYn43P7/7qvQwPh9BGkHewbMulVntbigmcT7rdX3BNo9wRJg=="
    },
    "zone.js": {
      "version": "0.8.29",
      "resolved": "https://registry.npmjs.org/zone.js/-/zone.js-0.8.29.tgz",
      "integrity": "sha512-mla2acNCMkWXBD+c+yeUrBUrzOxYMNFdQ6FGfigGGtEVBPJx07BQeJekjt9DmH1FtZek4E9rE1eRR9qQpxACOQ==",
      "peer": true
    }
  }
}
